
Microsoft Visual Studio Solution File, Format Version 12.00
# Visual Studio Version 17
VisualStudioVersion = 17.3.32929.385
MinimumVisualStudioVersion = 10.0.40219.1
Project("{888888A0-9F3D-457C-B088-3A5042F75D52}") = "AlgorithmsDesign-Lab-4", "AlgorithmsDesign-Lab-4\AlgorithmsDesign-Lab-4.pyproj", "{50F0DEFD-4174-4294-8174-9BEFC7CBEE3A}"
EndProject
Global
	GlobalSection(SolutionConfigurationPlatforms) = preSolution
		Debug|Any CPU = Debug|Any CPU
		Release|Any CPU = Release|Any CPU
	EndGlobalSection
	GlobalSection(ProjectConfigurationPlatforms) = postSolution
		{50F0DEFD-4174-4294-8174-9BEFC7CBEE3A}.Debug|Any CPU.ActiveCfg = Debug|Any CPU
		{50F0DEFD-4174-4294-8174-9BEFC7CBEE3A}.Release|Any CPU.ActiveCfg = Release|Any CPU
	EndGlobalSection
	GlobalSection(SolutionProperties) = preSolution
		HideSolutionNode = FALSE
	EndGlobalSection
	GlobalSection(ExtensibilityGlobals) = postSolution
		SolutionGuid = {4FEFF6B5-B1CE-4720-A814-4B648A393D54}
	EndGlobalSection
EndGlobal
